# THIS IS AN AUTOGENERATED FILE. DO NOT EDIT THIS FILE DIRECTLY.
# yarn lockfile v1


"@types/prop-types@*":
  version "15.7.3"
  resolved "https://registry.yarnpkg.com/@types/prop-types/-/prop-types-15.7.3.tgz#2ab0d5da2e5815f94b0b9d4b95d1e5f243ab2ca7"
  integrity sha512-KfRL3PuHmqQLOG+2tGpRO26Ctg+Cq1E01D2DMriKEATHgWLfeNDmq9e29Q9WIky0dQ3NPkd1mzYH8Lm936Z9qw==

"@types/react-native@^0.62.13":
  version "0.62.13"
  resolved "https://registry.yarnpkg.com/@types/react-native/-/react-native-0.62.13.tgz#c688c5ae03e426f927f7e1fa1a59cd067f35d1c2"
  integrity sha512-hs4/tSABhcJx+J8pZhVoXHrOQD89WFmbs8QiDLNSA9zNrD46pityAuBWuwk1aMjPk9I3vC5ewkJroVRHgRIfdg==
  dependencies:
    "@types/react" "*"

"@types/react@*", "@types/react@^16.9.38":
  version "16.9.38"
  resolved "https://registry.yarnpkg.com/@types/react/-/react-16.9.38.tgz#868405dace93a4095d3e054f4c4a1de7a1ac0680"
  integrity sha512-pHAeZbjjNRa/hxyNuLrvbxhhnKyKNiLC6I5fRF2Zr/t/S6zS41MiyzH4+c+1I9vVfvuRt1VS2Lodjr4ZWnxrdA==
  dependencies:
    "@types/prop-types" "*"
    csstype "^2.2.0"

csstype@^2.2.0:
  version "2.6.10"
  resolved "https://registry.yarnpkg.com/csstype/-/csstype-2.6.10.tgz#e63af50e66d7c266edb6b32909cfd0aabe03928b"
  integrity sha512-D34BqZU4cIlMCY93rZHbrq9pjTAQJ3U8S8rfBqjwHxkGPThWFjzZDQpgMJY0QViLxth6ZKYiwFBo14RdN44U/w==
